{
  "name": "squery",
  "version": "1.0.0",
  "lockfileVersion": 3,
  "requires": true,
  "packages": {
    "": {
      "name": "squery",
      "version": "1.0.0",
      "license": "ISC",
      "dependencies": {
        "samp-query": "^0.1.5"
      }
    },
    "node_modules/samp-query": {
      "version": "0.1.5",
      "resolved": "https://registry.npmjs.org/samp-query/-/samp-query-0.1.5.tgz",
      "integrity": "sha512-hMyi2Df7JECBFBg+jmWN/vemY1VnHAWOdk2MR8nIoc7ADhge7uwfwaqTc0np9E0+GoxiLexEKV/cSGH+b1eIeg=="
    }
  }
}
